// !$*UTF8*$!
{
	archiveVersion = 1;
	classes = {
	};
	objectVersion = 46;
	objects = {

/* Begin PBXBuildFile section */
		1EE040AE1E148D1400E04B45 /* AppDelegate.swift in Sources */ = {isa = PBXBuildFile; fileRef = 1EE040AD1E148D1400E04B45 /* AppDelegate.swift */; };
		1EE040B01E148D1400E04B45 /* FirstViewController.swift in Sources */ = {isa = PBXBuildFile; fileRef = 1EE040AF1E148D1400E04B45 /* FirstViewController.swift */; };
		1EE040B21E148D1400E04B45 /* SecondViewController.swift in Sources */ = {isa = PBXBuildFile; fileRef = 1EE040B11E148D1400E04B45 /* SecondViewController.swift */; };
		1EE040B51E148D1400E04B45 /* Main.storyboard in Resources */ = {isa = PBXBuildFile; fileRef = 1EE040B31E148D1400E04B45 /* Main.storyboard */; };
		1EE040B71E148D1400E04B45 /* Assets.xcassets in Resources */ = {isa = PBXBuildFile; fileRef = 1EE040B61E148D1400E04B45 /* Assets.xcassets */; };
		1EE040BA1E148D1400E04B45 /* LaunchScreen.storyboard in Resources */ = {isa = PBXBuildFile; fileRef = 1EE040B81E148D1400E04B45 /* LaunchScreen.storyboard */; };
		1EE040C51E148D1400E04B45 /* NotificationTestTests.swift in Sources */ = {isa = PBXBuildFile; fileRef = 1EE040C41E148D1400E04B45 /* NotificationTestTests.swift */; };
/* End PBXBuildFile section */

/* Begin PBXContainerItemProxy section */
		1EE040C11E148D1400E04B45 /* PBXContainerItemProxy */ = {
			isa = PBXContainerItemProxy;
			containerPortal = 1EE040A21E148D1400E04B45 /* Project object */;
			proxyType = 1;
			remoteGlobalIDString = 1EE040A91E148D1400E04B45;
			remoteInfo = NotificationTest;
		};
/* End PBXContainerItemProxy section */

/* Begin PBXFileReference section */
		1EE040AA1E148D1400E04B45 /* NotificationTest.app */ = {isa = PBXFileReference; explicitFileType = wrapper.application; includeInIndex = 0; path = NotificationTest.app; sourceTree = BUILT_PRODUCTS_DIR; };
		1EE040AD1E148D1400E04B45 /* AppDelegate.swift */ = {isa = PBXFileReference; lastKnownFileType = sourcecode.swift; path = AppDelegate.swift; sourceTree = "<group>"; };
		1EE040AF1E148D1400E04B45 /* FirstViewController.swift */ = {isa = PBXFileReference; lastKnownFileType = sourcecode.swift; path = FirstViewController.swift; sourceTree = "<group>"; };
		1EE040B11E148D1400E04B45 /* SecondViewController.swift */ = {isa = PBXFileReference; lastKnownFileType = sourcecode.swift; path = SecondViewController.swift; sourceTree = "<group>"; };
		1EE040B41E148D1400E04B45 /* Base */ = {isa = PBXFileReference; lastKnownFileType = file.storyboard; name = Base; path = Base.lproj/Main.storyboard; sourceTree = "<group>"; };
		1EE040B61E148D1400E04B45 /* Assets.xcassets */ = {isa = PBXFileReference; lastKnownFileType = folder.assetcatalog; path = Assets.xcassets; sourceTree = "<group>"; };
		1EE040B91E148D1400E04B45 /* Base */ = {isa = PBXFileReference; lastKnownFileType = file.storyboard; name = Base; path = Base.lproj/LaunchScreen.storyboard; sourceTree = "<group>"; };
		1EE040BB1E148D1400E04B45 /* Info.plist */ = {isa = PBXFileReference; lastKnownFileType = text.plist.xml; path = Info.plist; sourceTree = "<group>"; };
		1EE040C01E148D1400E04B45 /* NotificationTestTests.xctest */ = {isa = PBXFileReference; explicitFileType = wrapper.cfbundle; includeInIndex = 0; path = NotificationTestTests.xctest; sourceTree = BUILT_PRODUCTS_DIR; };
		1EE040C41E148D1400E04B45 /* NotificationTestTests.swift */ = {isa = PBXFileReference; lastKnownFileType = sourcecode.swift; path = NotificationTestTests.swift; sourceTree = "<group>"; };
		1EE040C61E148D1400E04B45 /* Info.plist */ = {isa = PBXFileReference; lastKnownFileType = text.plist.xml; path = Info.plist; sourceTree = "<group>"; };
/* End PBXFileReference section */

/* Begin PBXFrameworksBuildPhase section */
		1EE040A71E148D1400E04B45 /* Frameworks */ = {
			isa = PBXFrameworksBuildPhase;
			buildActionMask = 2147483647;
			files = (
			);
			runOnlyForDeploymentPostprocessing = 0;
		};
		1EE040BD1E148D1400E04B45 /* Frameworks */ = {
			isa = PBXFrameworksBuildPhase;
			buildActionMask = 2147483647;
			files = (
			);
			runOnlyForDeploymentPostprocessing = 0;
		};
/* End PBXFrameworksBuildPhase section */

/* Begin PBXGroup section */
		1EE040A11E148D1400E04B45 = {
			isa = PBXGroup;
			children = (
				1EE040AC1E148D1400E04B45 /* NotificationTest */,
				1EE040C31E148D1400E04B45 /* NotificationTestTests */,
				1EE040AB1E148D1400E04B45 /* Products */,
			);
			sourceTree = "<group>";
		};
		1EE040AB1E148D1400E04B45 /* Products */ = {
			isa = PBXGroup;
			children = (
				1EE040AA1E148D1400E04B45 /* NotificationTest.app */,
				1EE040C01E148D1400E04B45 /* NotificationTestTests.xctest */,
			);
			name = Products;
			sourceTree = "<group>";
		};
		1EE040AC1E148D1400E04B45 /* NotificationTest */ = {
			isa = PBXGroup;
			children = (
				1EE040AD1E148D1400E04B45 /* AppDelegate.swift */,
				1EE040AF1E148D1400E04B45 /* FirstViewController.swift */,
				1EE040B11E148D1400E04B45 /* SecondViewController.swift */,
				1EE040B31E148D1400E04B45 /* Main.storyboard */,
				1EE040B61E148D1400E04B45 /* Assets.xcassets */,
				1EE040B81E148D1400E04B45 /* LaunchScreen.storyboard */,
				1EE040BB1E148D1400E04B45 /* Info.plist */,
			);
			path = NotificationTest;
			sourceTree = "<group>";
		};
		1EE040C31E148D1400E04B45 /* NotificationTestTests */ = {
			isa = PBXGroup;
			children = (
				1EE040C41E148D1400E04B45 /* NotificationTestTests.swift */,
				1EE040C61E148D1400E04B45 /* Info.plist */,
			);
			path = NotificationTestTests;
			sourceTree = "<group>";
		};
/* End PBXGroup section */

/* Begin PBXNativeTarget section */
		1EE040A91E148D1400E04B45 /* NotificationTest */ = {
			isa = PBXNativeTarget;
			buildConfigurationList = 1EE040C91E148D1400E04B45 /* Build configuration list for PBXNativeTarget "NotificationTest" */;
			buildPhases = (
				1EE040A61E148D1400E04B45 /* Sources */,
				1EE040A71E148D1400E04B45 /* Frameworks */,
				1EE040A81E148D1400E04B45 /* Resources */,
			);
			buildRules = (
			);
			dependencies = (
			);
			name = NotificationTest;
			productName = NotificationTest;
			productReference = 1EE040AA1E148D1400E04B45 /* NotificationTest.app */;
			productType = "com.apple.product-type.application";
		};
		1EE040BF1E148D1400E04B45 /* NotificationTestTests */ = {
			isa = PBXNativeTarget;
			buildConfigurationList = 1EE040CC1E148D1400E04B45 /* Build configuration list for PBXNativeTarget "NotificationTestTests" */;
			buildPhases = (
				1EE040BC1E148D1400E04B45 /* Sources */,
				1EE040BD1E148D1400E04B45 /* Frameworks */,
				1EE040BE1E148D1400E04B45 /* Resources */,
			);
			buildRules = (
			);
			dependencies = (
				1EE040C21E148D1400E04B45 /* PBXTargetDependency */,
			);
			name = NotificationTestTests;
			productName = NotificationTestTests;
			productReference = 1EE040C01E148D1400E04B45 /* NotificationTestTests.xctest */;
			productType = "com.apple.product-type.bundle.unit-test";
		};
/* End PBXNativeTarget section */

/* Begin PBXProject section */
		1EE040A21E148D1400E04B45 /* Project object */ = {
			isa = PBXProject;
			attributes = {
				LastSwiftUpdateCheck = 0800;
				LastUpgradeCheck = 0800;
				ORGANIZATIONNAME = foreignlegion;
				TargetAttributes = {
					1EE040A91E148D1400E04B45 = {
						CreatedOnToolsVersion = 8.0;
						ProvisioningStyle = Automatic;
					};
					1EE040BF1E148D1400E04B45 = {
						CreatedOnToolsVersion = 8.0;
						ProvisioningStyle = Automatic;
						TestTargetID = 1EE040A91E148D1400E04B45;
					};
				};
			};
			buildConfigurationList = 1EE040A51E148D1400E04B45 /* Build configuration list for PBXProject "NotificationTest" */;
			compatibilityVersion = "Xcode 3.2";
			developmentRegion = English;
			hasScannedForEncodings = 0;
			knownRegions = (
				en,
				Base,
			);
			mainGroup = 1EE040A11E148D1400E04B45;
			productRefGroup = 1EE040AB1E148D1400E04B45 /* Products */;
			projectDirPath = "";
			projectRoot = "";
			targets = (
				1EE040A91E148D1400E04B45 /* NotificationTest */,
				1EE040BF1E148D1400E04B45 /* NotificationTestTests */,
			);
		};
/* End PBXProject section */

/* Begin PBXResourcesBuildPhase section */
		1EE040A81E148D1400E04B45 /* Resources */ = {
			isa = PBXResourcesBuildPhase;
			buildActionMask = 2147483647;
			files = (
				1EE040BA1E148D1400E04B45 /* LaunchScreen.storyboard in Resources */,
				1EE040B71E148D1400E04B45 /* Assets.xcassets in Resources */,
				1EE040B51E148D1400E04B45 /* Main.storyboard in Resources */,
			);
			runOnlyForDeploymentPostprocessing = 0;
		};
		1EE040BE1E148D1400E04B45 /* Resources */ = {
			isa = PBXResourcesBuildPhase;
			buildActionMask = 2147483647;
			files = (
			);
			runOnlyForDeploymentPostprocessing = 0;
		};
/* End PBXResourcesBuildPhase section */

/* Begin PBXSourcesBuildPhase section */
		1EE040A61E148D1400E04B45 /* Sources */ = {
			isa = PBXSourcesBuildPhase;
			buildActionMask = 2147483647;
			files = (
				1EE040B21E148D1400E04B45 /* SecondViewController.swift in Sources */,
				1EE040AE1E148D1400E04B45 /* AppDelegate.swift in Sources */,
				1EE040B01E148D1400E04B45 /* FirstViewController.swift in Sources */,
			);
			runOnlyForDeploymentPostprocessing = 0;
		};
		1EE040BC1E148D1400E04B45 /* Sources */ = {
			isa = PBXSourcesBuildPhase;
			buildActionMask = 2147483647;
			files = (
				1EE040C51E148D1400E04B45 /* NotificationTestTests.swift in Sources */,
			);
			runOnlyForDeploymentPostprocessing = 0;
		};
/* End PBXSourcesBuildPhase section */

/* Begin PBXTargetDependency section */
		1EE040C21E148D1400E04B45 /* PBXTargetDependency */ = {
			isa = PBXTargetDependency;
			target = 1EE040A91E148D1400E04B45 /* NotificationTest */;
			targetProxy = 1EE040C11E148D1400E04B45 /* PBXContainerItemProxy */;
		};
/* End PBXTargetDependency section */

/* Begin PBXVariantGroup section */
		1EE040B31E148D1400E04B45 /* Main.storyboard */ = {
			isa = PBXVariantGroup;
			children = (
				1EE040B41E148D1400E04B45 /* Base */,
			);
			name = Main.storyboard;
			sourceTree = "<group>";
		};
		1EE040B81E148D1400E04B45 /* LaunchScreen.storyboard */ = {
			isa = PBXVariantGroup;
			children = (
				1EE040B91E148D1400E04B45 /* Base */,
			);
			name = LaunchScreen.storyboard;
			sourceTree = "<group>";
		};
/* End PBXVariantGroup section */

/* Begin XCBuildConfiguration section */
		1EE040C71E148D1400E04B45 /* Debug */ = {
			isa = XCBuildConfiguration;
			buildSettings = {
				ALWAYS_SEARCH_USER_PATHS = NO;
				CLANG_ANALYZER_NONNULL = YES;
				CLANG_CXX_LANGUAGE_STANDARD = "gnu++0x";
				CLANG_CXX_LIBRARY = "libc++";
				CLANG_ENABLE_MODULES = YES;
				CLANG_ENABLE_OBJC_ARC = YES;
				CLANG_WARN_BOOL_CONVERSION = YES;
				CLANG_WARN_CONSTANT_CONVERSION = YES;
				CLANG_WARN_DIRECT_OBJC_ISA_USAGE = YES_ERROR;
				CLANG_WARN_DOCUMENTATION_COMMENTS = YES;
				CLANG_WARN_EMPTY_BODY = YES;
				CLANG_WARN_ENUM_CONVERSION = YES;
				CLANG_WARN_INFINITE_RECURSION = YES;
				CLANG_WARN_INT_CONVERSION = YES;
				CLANG_WARN_OBJC_ROOT_CLASS = YES_ERROR;
				CLANG_WARN_SUSPICIOUS_MOVES = YES;
				CLANG_WARN_UNREACHABLE_CODE = YES;
				CLANG_WARN__DUPLICATE_METHOD_MATCH = YES;
				"CODE_SIGN_IDENTITY[sdk=iphoneos*]" = "iPhone Developer";
				COPY_PHASE_STRIP = NO;
				DEBUG_INFORMATION_FORMAT = dwarf;
				ENABLE_STRICT_OBJC_MSGSEND = YES;
				ENABLE_TESTABILITY = YES;
				GCC_C_LANGUAGE_STANDARD = gnu99;
				GCC_DYNAMIC_NO_PIC = NO;
				GCC_NO_COMMON_BLOCKS = YES;
				GCC_OPTIMIZATION_LEVEL = 0;
				GCC_PREPROCESSOR_DEFINITIONS = (
					"DEBUG=1",
					"$(inherited)",
				);
				GCC_WARN_64_TO_32_BIT_CONVERSION = YES;
				GCC_WARN_ABOUT_RETURN_TYPE = YES_ERROR;
				GCC_WARN_UNDECLARED_SELECTOR = YES;
				GCC_WARN_UNINITIALIZED_AUTOS = YES_AGGRESSIVE;
				GCC_WARN_UNUSED_FUNCTION = YES;
				GCC_WARN_UNUSED_VARIABLE = YES;
				IPHONEOS_DEPLOYMENT_TARGET = 10.0;
				MTL_ENABLE_DEBUG_INFO = YES;
				ONLY_ACTIVE_ARCH = YES;
				SDKROOT = iphoneos;
				SWIFT_ACTIVE_COMPILATION_CONDITIONS = DEBUG;
				SWIFT_OPTIMIZATION_LEVEL = "-Onone";
				TARGETED_DEVICE_FAMILY = "1,2";
			};
			name = Debug;
		};
		1EE040C81E148D1400E04B45 /* Release */ = {
			isa = XCBuildConfiguration;
			buildSettings = {
				ALWAYS_SEARCH_USER_PATHS = NO;
				CLANG_ANALYZER_NONNULL = YES;
				CLANG_CXX_LANGUAGE_STANDARD = "gnu++0x";
				CLANG_CXX_LIBRARY = "libc++";
				CLANG_ENABLE_MODULES = YES;
				CLANG_ENABLE_OBJC_ARC = YES;
				CLANG_WARN_BOOL_CONVERSION = YES;
				CLANG_WARN_CONSTANT_CONVERSION = YES;
				CLANG_WARN_DIRECT_OBJC_ISA_USAGE = YES_ERROR;
				CLANG_WARN_DOCUMENTATION_COMMENTS = YES;
				CLANG_WARN_EMPTY_BODY = YES;
				CLANG_WARN_ENUM_CONVERSION = YES;
				CLANG_WARN_INFINITE_RECURSION = YES;
				CLANG_WARN_INT_CONVERSION = YES;
				CLANG_WARN_OBJC_ROOT_CLASS = YES_ERROR;
				CLANG_WARN_SUSPICIOUS_MOVES = YES;
				CLANG_WARN_UNREACHABLE_CODE = YES;
				CLANG_WARN__DUPLICATE_METHOD_MATCH = YES;
				"CODE_SIGN_IDENTITY[sdk=iphoneos*]" = "iPhone Developer";
				COPY_PHASE_STRIP = NO;
				DEBUG_INFORMATION_FORMAT = "dwarf-with-dsym";
				ENABLE_NS_ASSERTIONS = NO;
				ENABLE_STRICT_OBJC_MSGSEND = YES;
				GCC_C_LANGUAGE_STANDARD = gnu99;
				GCC_NO_COMMON_BLOCKS = YES;
				GCC_WARN_64_TO_32_BIT_CONVERSION = YES;
				GCC_WARN_ABOUT_RETURN_TYPE = YES_ERROR;
				GCC_WARN_UNDECLARED_SELECTOR = YES;
				GCC_WARN_UNINITIALIZED_AUTOS = YES_AGGRESSIVE;
				GCC_WARN_UNUSED_FUNCTION = YES;
				GCC_WARN_UNUSED_VARIABLE = YES;
				IPHONEOS_DEPLOYMENT_TARGET = 10.0;
				MTL_ENABLE_DEBUG_INFO = NO;
				SDKROOT = iphoneos;
				SWIFT_OPTIMIZATION_LEVEL = "-Owholemodule";
				TARGETED_DEVICE_FAMILY = "1,2";
				VALIDATE_PRODUCT = YES;
			};
			name = Release;
		};
		1EE040CA1E148D1400E04B45 /* Debug */ = {
			isa = XCBuildConfiguration;
			buildSettings = {
				ASSETCATALOG_COMPILER_APPICON_NAME = AppIcon;
				INFOPLIST_FILE = NotificationTest/Info.plist;
				LD_RUNPATH_SEARCH_PATHS = "$(inherited) @executable_path/Frameworks";
				PRODUCT_BUNDLE_IDENTIFIER = com.foreignlegion.NotificationTest;
				PRODUCT_NAME = "$(TARGET_NAME)";
				SWIFT_VERSION = 3.0;
			};
			name = Debug;
		};
		1EE040CB1E148D1400E04B45 /* Release */ = {
			isa = XCBuildConfiguration;
			buildSettings = {
				ASSETCATALOG_COMPILER_APPICON_NAME = AppIcon;
				INFOPLIST_FILE = NotificationTest/Info.plist;
				LD_RUNPATH_SEARCH_PATHS = "$(inherited) @executable_path/Frameworks";
				PRODUCT_BUNDLE_IDENTIFIER = com.foreignlegion.NotificationTest;
				PRODUCT_NAME = "$(TARGET_NAME)";
				SWIFT_VERSION = 3.0;
			};
			name = Release;
		};
		1EE040CD1E148D1400E04B45 /* Debug */ = {
			isa = XCBuildConfiguration;
			buildSettings = {
				ALWAYS_EMBED_SWIFT_STANDARD_LIBRARIES = YES;
				BUNDLE_LOADER = "$(TEST_HOST)";
				INFOPLIST_FILE = NotificationTestTests/Info.plist;
				LD_RUNPATH_SEARCH_PATHS = "$(inherited) @executable_path/Frameworks @loader_path/Frameworks";
				PRODUCT_BUNDLE_IDENTIFIER = com.foreignlegion.NotificationTestTests;
				PRODUCT_NAME = "$(TARGET_NAME)";
				SWIFT_VERSION = 3.0;
				TEST_HOST = "$(BUILT_PRODUCTS_DIR)/NotificationTest.app/NotificationTest";
			};
			name = Debug;
		};
		1EE040CE1E148D1400E04B45 /* Release */ = {
			isa = XCBuildConfiguration;
			buildSettings = {
				ALWAYS_EMBED_SWIFT_STANDARD_LIBRARIES = YES;
				BUNDLE_LOADER = "$(TEST_HOST)";
				INFOPLIST_FILE = NotificationTestTests/Info.plist;
				LD_RUNPATH_SEARCH_PATHS = "$(inherited) @executable_path/Frameworks @loader_path/Frameworks";
				PRODUCT_BUNDLE_IDENTIFIER = com.foreignlegion.NotificationTestTests;
				PRODUCT_NAME = "$(TARGET_NAME)";
				SWIFT_VERSION = 3.0;
				TEST_HOST = "$(BUILT_PRODUCTS_DIR)/NotificationTest.app/NotificationTest";
			};
			name = Release;
		};
/* End XCBuildConfiguration section */

/* Begin XCConfigurationList section */
		1EE040A51E148D1400E04B45 /* Build configuration list for PBXProject "NotificationTest" */ = {
			isa = XCConfigurationList;
			buildConfigurations = (
				1EE040C71E148D1400E04B45 /* Debug */,
				1EE040C81E148D1400E04B45 /* Release */,
			);
			defaultConfigurationIsVisible = 0;
			defaultConfigurationName = Release;
		};
		1EE040C91E148D1400E04B45 /* Build configuration list for PBXNativeTarget "NotificationTest" */ = {
			isa = XCConfigurationList;
			buildConfigurations = (
				1EE040CA1E148D1400E04B45 /* Debug */,
				1EE040CB1E148D1400E04B45 /* Release */,
			);
			defaultConfigurationIsVisible = 0;
		};
		1EE040CC1E148D1400E04B45 /* Build configuration list for PBXNativeTarget "NotificationTestTests" */ = {
			isa = XCConfigurationList;
			buildConfigurations = (
				1EE040CD1E148D1400E04B45 /* Debug */,
				1EE040CE1E148D1400E04B45 /* Release */,
			);
			defaultConfigurationIsVisible = 0;
		};
/* End XCConfigurationList section */
	};
	rootObject = 1EE040A21E148D1400E04B45 /* Project object */;
}
